
Microsoft Visual Studio Solution File, Format Version 12.00
# Visual Studio 15
VisualStudioVersion = 15.0.28307.271
MinimumVisualStudioVersion = 10.0.40219.1
Project("{9A19103F-16F7-4668-BE54-9A1E7A4F7556}") = "SessionTypes", "SessionTypes\SessionTypes.csproj", "{203AB79E-EC77-438F-9749-DC60B68B3686}"
EndProject
Project("{9A19103F-16F7-4668-BE54-9A1E7A4F7556}") = "SessionTypesTest", "SessionTypesTest\SessionTypesTest.csproj", "{9558104D-AA94-47BD-85CD-C74F18C271CF}"
EndProject
Project("{9A19103F-16F7-4668-BE54-9A1E7A4F7556}") = "SessionTypesDemos", "SessionTypesDemos\SessionTypesDemos.csproj", "{A672A627-045A-4787-910E-4AEB13668159}"
EndProject
Project("{9A19103F-16F7-4668-BE54-9A1E7A4F7556}") = "PolygonClippingPipeline", "SessionTypesApplications\PolygonClippingPipeline\PolygonClippingPipeline.csproj", "{68A7E128-9A7C-441E-AEC6-67A635C60C15}"
EndProject
Project("{FAE04EC0-301F-11D3-BF4B-00C04F79EFBC}") = "ParallelHttpDownloader", "SessionTypesApplications\ParallelHttpDownloader\ParallelHttpDownloader.csproj", "{7DB12895-6C1E-4D1E-BAA1-9119A9F82BBA}"
EndProject
Global
	GlobalSection(SolutionConfigurationPlatforms) = preSolution
		Debug|Any CPU = Debug|Any CPU
		Release|Any CPU = Release|Any CPU
	EndGlobalSection
	GlobalSection(ProjectConfigurationPlatforms) = postSolution
		{203AB79E-EC77-438F-9749-DC60B68B3686}.Debug|Any CPU.ActiveCfg = Debug|Any CPU
		{203AB79E-EC77-438F-9749-DC60B68B3686}.Debug|Any CPU.Build.0 = Debug|Any CPU
		{203AB79E-EC77-438F-9749-DC60B68B3686}.Release|Any CPU.ActiveCfg = Release|Any CPU
		{203AB79E-EC77-438F-9749-DC60B68B3686}.Release|Any CPU.Build.0 = Release|Any CPU
		{9558104D-AA94-47BD-85CD-C74F18C271CF}.Debug|Any CPU.ActiveCfg = Debug|Any CPU
		{9558104D-AA94-47BD-85CD-C74F18C271CF}.Debug|Any CPU.Build.0 = Debug|Any CPU
		{9558104D-AA94-47BD-85CD-C74F18C271CF}.Release|Any CPU.ActiveCfg = Release|Any CPU
		{9558104D-AA94-47BD-85CD-C74F18C271CF}.Release|Any CPU.Build.0 = Release|Any CPU
		{A672A627-045A-4787-910E-4AEB13668159}.Debug|Any CPU.ActiveCfg = Debug|Any CPU
		{A672A627-045A-4787-910E-4AEB13668159}.Debug|Any CPU.Build.0 = Debug|Any CPU
		{A672A627-045A-4787-910E-4AEB13668159}.Release|Any CPU.ActiveCfg = Release|Any CPU
		{A672A627-045A-4787-910E-4AEB13668159}.Release|Any CPU.Build.0 = Release|Any CPU
		{68A7E128-9A7C-441E-AEC6-67A635C60C15}.Debug|Any CPU.ActiveCfg = Debug|Any CPU
		{68A7E128-9A7C-441E-AEC6-67A635C60C15}.Debug|Any CPU.Build.0 = Debug|Any CPU
		{68A7E128-9A7C-441E-AEC6-67A635C60C15}.Release|Any CPU.ActiveCfg = Release|Any CPU
		{68A7E128-9A7C-441E-AEC6-67A635C60C15}.Release|Any CPU.Build.0 = Release|Any CPU
		{7DB12895-6C1E-4D1E-BAA1-9119A9F82BBA}.Debug|Any CPU.ActiveCfg = Debug|Any CPU
		{7DB12895-6C1E-4D1E-BAA1-9119A9F82BBA}.Debug|Any CPU.Build.0 = Debug|Any CPU
		{7DB12895-6C1E-4D1E-BAA1-9119A9F82BBA}.Release|Any CPU.ActiveCfg = Release|Any CPU
		{7DB12895-6C1E-4D1E-BAA1-9119A9F82BBA}.Release|Any CPU.Build.0 = Release|Any CPU
	EndGlobalSection
	GlobalSection(SolutionProperties) = preSolution
		HideSolutionNode = FALSE
	EndGlobalSection
	GlobalSection(ExtensibilityGlobals) = postSolution
		SolutionGuid = {268BB88F-EBFE-4B8D-A12D-2A21A9B1A6CB}
	EndGlobalSection
EndGlobal
